// !$*UTF8*$!
{
	archiveVersion = 1;
	classes = {
	};
	objectVersion = 50;
	objects = {

/* Begin PBXBuildFile section */
		D270B274249CB9C10014D064 /* RGBViewController.swift in Sources */ = {isa = PBXBuildFile; fileRef = D270B273249CB9C10014D064 /* RGBViewController.swift */; };
		D270B2AE24A03F110014D064 /* libsqlite3.tbd in Frameworks */ = {isa = PBXBuildFile; fileRef = D270B2AD24A03EFC0014D064 /* libsqlite3.tbd */; };
		D2758B26249A004800DACD08 /* FordViewController.swift in Sources */ = {isa = PBXBuildFile; fileRef = D2758B25249A004800DACD08 /* FordViewController.swift */; };
		D2758B28249AECDC00DACD08 /* FifthViewController.swift in Sources */ = {isa = PBXBuildFile; fileRef = D2758B27249AECDC00DACD08 /* FifthViewController.swift */; };
		D2758B2A249AFE3E00DACD08 /* Fifth2ViewController.swift in Sources */ = {isa = PBXBuildFile; fileRef = D2758B29249AFE3E00DACD08 /* Fifth2ViewController.swift */; };
		D2758B30249CA4CE00DACD08 /* UserDefault.swift in Sources */ = {isa = PBXBuildFile; fileRef = D2758B2F249CA4CE00DACD08 /* UserDefault.swift */; };
		D2758B32249CA70A00DACD08 /* RGB.swift in Sources */ = {isa = PBXBuildFile; fileRef = D2758B31249CA70A00DACD08 /* RGB.swift */; };
		D2B8675724987CB500801FA7 /* AppDelegate.swift in Sources */ = {isa = PBXBuildFile; fileRef = D2B8675624987CB500801FA7 /* AppDelegate.swift */; };
		D2B8675924987CB500801FA7 /* SceneDelegate.swift in Sources */ = {isa = PBXBuildFile; fileRef = D2B8675824987CB500801FA7 /* SceneDelegate.swift */; };
		D2B8675B24987CB500801FA7 /* ViewController.swift in Sources */ = {isa = PBXBuildFile; fileRef = D2B8675A24987CB500801FA7 /* ViewController.swift */; };
		D2B8675E24987CB500801FA7 /* Main.storyboard in Resources */ = {isa = PBXBuildFile; fileRef = D2B8675C24987CB500801FA7 /* Main.storyboard */; };
		D2B8676024987CBA00801FA7 /* Assets.xcassets in Resources */ = {isa = PBXBuildFile; fileRef = D2B8675F24987CBA00801FA7 /* Assets.xcassets */; };
		D2B8676324987CBA00801FA7 /* LaunchScreen.storyboard in Resources */ = {isa = PBXBuildFile; fileRef = D2B8676124987CBA00801FA7 /* LaunchScreen.storyboard */; };
		D2B8676B24987D0B00801FA7 /* SecondViewController.swift in Sources */ = {isa = PBXBuildFile; fileRef = D2B8676A24987D0B00801FA7 /* SecondViewController.swift */; };
		D2B8676D24987D5D00801FA7 /* Protocol.swift in Sources */ = {isa = PBXBuildFile; fileRef = D2B8676C24987D5D00801FA7 /* Protocol.swift */; };
		D2B867712498C97300801FA7 /* SetButton.swift in Sources */ = {isa = PBXBuildFile; fileRef = D2B867702498C97300801FA7 /* SetButton.swift */; };
		D2B867732498D3E400801FA7 /* ThirdViewController.swift in Sources */ = {isa = PBXBuildFile; fileRef = D2B867722498D3E400801FA7 /* ThirdViewController.swift */; };
/* End PBXBuildFile section */

/* Begin PBXFileReference section */
		D270B273249CB9C10014D064 /* RGBViewController.swift */ = {isa = PBXFileReference; lastKnownFileType = sourcecode.swift; path = RGBViewController.swift; sourceTree = "<group>"; };
		D270B2AD24A03EFC0014D064 /* libsqlite3.tbd */ = {isa = PBXFileReference; lastKnownFileType = "sourcecode.text-based-dylib-definition"; name = libsqlite3.tbd; path = usr/lib/libsqlite3.tbd; sourceTree = SDKROOT; };
		D270B2B024A040010014D064 /* BridgeHeader.h */ = {isa = PBXFileReference; lastKnownFileType = sourcecode.c.h; path = BridgeHeader.h; sourceTree = "<group>"; };
		D2758B25249A004800DACD08 /* FordViewController.swift */ = {isa = PBXFileReference; lastKnownFileType = sourcecode.swift; path = FordViewController.swift; sourceTree = "<group>"; };
		D2758B27249AECDC00DACD08 /* FifthViewController.swift */ = {isa = PBXFileReference; lastKnownFileType = sourcecode.swift; path = FifthViewController.swift; sourceTree = "<group>"; };
		D2758B29249AFE3E00DACD08 /* Fifth2ViewController.swift */ = {isa = PBXFileReference; lastKnownFileType = sourcecode.swift; path = Fifth2ViewController.swift; sourceTree = "<group>"; };
		D2758B2F249CA4CE00DACD08 /* UserDefault.swift */ = {isa = PBXFileReference; lastKnownFileType = sourcecode.swift; path = UserDefault.swift; sourceTree = "<group>"; };
		D2758B31249CA70A00DACD08 /* RGB.swift */ = {isa = PBXFileReference; lastKnownFileType = sourcecode.swift; path = RGB.swift; sourceTree = "<group>"; };
		D2B8675324987CB500801FA7 /* changeView.app */ = {isa = PBXFileReference; explicitFileType = wrapper.application; includeInIndex = 0; path = changeView.app; sourceTree = BUILT_PRODUCTS_DIR; };
		D2B8675624987CB500801FA7 /* AppDelegate.swift */ = {isa = PBXFileReference; lastKnownFileType = sourcecode.swift; name = AppDelegate.swift; path = "../New Group/AppDelegate.swift"; sourceTree = "<group>"; };
		D2B8675824987CB500801FA7 /* SceneDelegate.swift */ = {isa = PBXFileReference; lastKnownFileType = sourcecode.swift; path = SceneDelegate.swift; sourceTree = "<group>"; };
		D2B8675A24987CB500801FA7 /* ViewController.swift */ = {isa = PBXFileReference; lastKnownFileType = sourcecode.swift; path = ViewController.swift; sourceTree = "<group>"; };
		D2B8675D24987CB500801FA7 /* Base */ = {isa = PBXFileReference; lastKnownFileType = file.storyboard; name = Base; path = Base.lproj/Main.storyboard; sourceTree = "<group>"; };
		D2B8675F24987CBA00801FA7 /* Assets.xcassets */ = {isa = PBXFileReference; lastKnownFileType = folder.assetcatalog; path = Assets.xcassets; sourceTree = "<group>"; };
		D2B8676224987CBA00801FA7 /* Base */ = {isa = PBXFileReference; lastKnownFileType = file.storyboard; name = Base; path = Base.lproj/LaunchScreen.storyboard; sourceTree = "<group>"; };
		D2B8676424987CBA00801FA7 /* Info.plist */ = {isa = PBXFileReference; lastKnownFileType = text.plist.xml; path = Info.plist; sourceTree = "<group>"; };
		D2B8676A24987D0B00801FA7 /* SecondViewController.swift */ = {isa = PBXFileReference; lastKnownFileType = sourcecode.swift; path = SecondViewController.swift; sourceTree = "<group>"; };
		D2B8676C24987D5D00801FA7 /* Protocol.swift */ = {isa = PBXFileReference; lastKnownFileType = sourcecode.swift; path = Protocol.swift; sourceTree = "<group>"; };
		D2B867702498C97300801FA7 /* SetButton.swift */ = {isa = PBXFileReference; lastKnownFileType = sourcecode.swift; path = SetButton.swift; sourceTree = "<group>"; };
		D2B867722498D3E400801FA7 /* ThirdViewController.swift */ = {isa = PBXFileReference; lastKnownFileType = sourcecode.swift; path = ThirdViewController.swift; sourceTree = "<group>"; };
/* End PBXFileReference section */

/* Begin PBXFrameworksBuildPhase section */
		D2B8675024987CB500801FA7 /* Frameworks */ = {
			isa = PBXFrameworksBuildPhase;
			buildActionMask = 2147483647;
			files = (
				D270B2AE24A03F110014D064 /* libsqlite3.tbd in Frameworks */,
			);
			runOnlyForDeploymentPostprocessing = 0;
		};
/* End PBXFrameworksBuildPhase section */

/* Begin PBXGroup section */
		D270B276249E02E10014D064 /* Controller */ = {
			isa = PBXGroup;
			children = (
				D270B277249E03450014D064 /* Main */,
				D270B27B249E03E10014D064 /* 傳值測試 */,
				D270B27C249E04070014D064 /* 傳值測試2 */,
				D270B27D249E042C0014D064 /* ScrollView測試 */,
				D270B27E249E044B0014D064 /* Get測試 */,
				D270B27F249E04690014D064 /* RGB測試 */,
			);
			name = Controller;
			path = view;
			sourceTree = "<group>";
		};
		D270B277249E03450014D064 /* Main */ = {
			isa = PBXGroup;
			children = (
				D2B8675A24987CB500801FA7 /* ViewController.swift */,
				D270B27A249E03AD0014D064 /* Model */,
				D270B278249E03800014D064 /* View */,
			);
			path = Main;
			sourceTree = "<group>";
		};
		D270B278249E03800014D064 /* View */ = {
			isa = PBXGroup;
			children = (
				D2B867702498C97300801FA7 /* SetButton.swift */,
			);
			path = View;
			sourceTree = "<group>";
		};
		D270B27A249E03AD0014D064 /* Model */ = {
			isa = PBXGroup;
			children = (
				D2758B2F249CA4CE00DACD08 /* UserDefault.swift */,
			);
			name = Model;
			sourceTree = "<group>";
		};
		D270B27B249E03E10014D064 /* 傳值測試 */ = {
			isa = PBXGroup;
			children = (
				D2B8676A24987D0B00801FA7 /* SecondViewController.swift */,
			);
			path = "傳值測試";
			sourceTree = "<group>";
		};
		D270B27C249E04070014D064 /* 傳值測試2 */ = {
			isa = PBXGroup;
			children = (
				D2B867722498D3E400801FA7 /* ThirdViewController.swift */,
			);
			path = "傳值測試2";
			sourceTree = "<group>";
		};
		D270B27D249E042C0014D064 /* ScrollView測試 */ = {
			isa = PBXGroup;
			children = (
				D2758B25249A004800DACD08 /* FordViewController.swift */,
			);
			path = "ScrollView測試";
			sourceTree = "<group>";
		};
		D270B27E249E044B0014D064 /* Get測試 */ = {
			isa = PBXGroup;
			children = (
				D2758B27249AECDC00DACD08 /* FifthViewController.swift */,
				D2758B29249AFE3E00DACD08 /* Fifth2ViewController.swift */,
			);
			path = "Get測試";
			sourceTree = "<group>";
		};
		D270B27F249E04690014D064 /* RGB測試 */ = {
			isa = PBXGroup;
			children = (
				D270B273249CB9C10014D064 /* RGBViewController.swift */,
				D270B280249E04800014D064 /* Model */,
			);
			path = "RGB測試";
			sourceTree = "<group>";
		};
		D270B280249E04800014D064 /* Model */ = {
			isa = PBXGroup;
			children = (
				D2758B31249CA70A00DACD08 /* RGB.swift */,
			);
			path = Model;
			sourceTree = "<group>";
		};
		D270B2AC24A03EFB0014D064 /* Frameworks */ = {
			isa = PBXGroup;
			children = (
				D270B2AD24A03EFC0014D064 /* libsqlite3.tbd */,
			);
			name = Frameworks;
			sourceTree = "<group>";
		};
		D2758B2E249C9EBE00DACD08 /* Appdelegate */ = {
			isa = PBXGroup;
			children = (
				D2B8676C24987D5D00801FA7 /* Protocol.swift */,
				D2B8675824987CB500801FA7 /* SceneDelegate.swift */,
				D2B8675624987CB500801FA7 /* AppDelegate.swift */,
			);
			path = Appdelegate;
			sourceTree = "<group>";
		};
		D2B8674A24987CB500801FA7 = {
			isa = PBXGroup;
			children = (
				D2B8675524987CB500801FA7 /* changeView */,
				D2B8675424987CB500801FA7 /* Products */,
				D270B2AC24A03EFB0014D064 /* Frameworks */,
			);
			sourceTree = "<group>";
		};
		D2B8675424987CB500801FA7 /* Products */ = {
			isa = PBXGroup;
			children = (
				D2B8675324987CB500801FA7 /* changeView.app */,
			);
			name = Products;
			sourceTree = "<group>";
		};
		D2B8675524987CB500801FA7 /* changeView */ = {
			isa = PBXGroup;
			children = (
				D2B8675C24987CB500801FA7 /* Main.storyboard */,
				D2B8676124987CBA00801FA7 /* LaunchScreen.storyboard */,
				D2B8676424987CBA00801FA7 /* Info.plist */,
				D270B276249E02E10014D064 /* Controller */,
				D2758B2E249C9EBE00DACD08 /* Appdelegate */,
				D2B8675F24987CBA00801FA7 /* Assets.xcassets */,
				D270B2B024A040010014D064 /* BridgeHeader.h */,
			);
			path = changeView;
			sourceTree = "<group>";
		};
/* End PBXGroup section */

/* Begin PBXNativeTarget section */
		D2B8675224987CB500801FA7 /* changeView */ = {
			isa = PBXNativeTarget;
			buildConfigurationList = D2B8676724987CBA00801FA7 /* Build configuration list for PBXNativeTarget "changeView" */;
			buildPhases = (
				D2B8674F24987CB500801FA7 /* Sources */,
				D2B8675024987CB500801FA7 /* Frameworks */,
				D2B8675124987CB500801FA7 /* Resources */,
			);
			buildRules = (
			);
			dependencies = (
			);
			name = changeView;
			productName = changeView;
			productReference = D2B8675324987CB500801FA7 /* changeView.app */;
			productType = "com.apple.product-type.application";
		};
/* End PBXNativeTarget section */

/* Begin PBXProject section */
		D2B8674B24987CB500801FA7 /* Project object */ = {
			isa = PBXProject;
			attributes = {
				LastSwiftUpdateCheck = 1150;
				LastUpgradeCheck = 1150;
				ORGANIZATIONNAME = "Alvin Tseng";
				TargetAttributes = {
					D2B8675224987CB500801FA7 = {
						CreatedOnToolsVersion = 11.5;
					};
				};
			};
			buildConfigurationList = D2B8674E24987CB500801FA7 /* Build configuration list for PBXProject "changeView" */;
			compatibilityVersion = "Xcode 9.3";
			developmentRegion = en;
			hasScannedForEncodings = 0;
			knownRegions = (
				en,
				Base,
			);
			mainGroup = D2B8674A24987CB500801FA7;
			productRefGroup = D2B8675424987CB500801FA7 /* Products */;
			projectDirPath = "";
			projectRoot = "";
			targets = (
				D2B8675224987CB500801FA7 /* changeView */,
			);
		};
/* End PBXProject section */

/* Begin PBXResourcesBuildPhase section */
		D2B8675124987CB500801FA7 /* Resources */ = {
			isa = PBXResourcesBuildPhase;
			buildActionMask = 2147483647;
			files = (
				D2B8676324987CBA00801FA7 /* LaunchScreen.storyboard in Resources */,
				D2B8676024987CBA00801FA7 /* Assets.xcassets in Resources */,
				D2B8675E24987CB500801FA7 /* Main.storyboard in Resources */,
			);
			runOnlyForDeploymentPostprocessing = 0;
		};
/* End PBXResourcesBuildPhase section */

/* Begin PBXSourcesBuildPhase section */
		D2B8674F24987CB500801FA7 /* Sources */ = {
			isa = PBXSourcesBuildPhase;
			buildActionMask = 2147483647;
			files = (
				D2758B28249AECDC00DACD08 /* FifthViewController.swift in Sources */,
				D2B8676B24987D0B00801FA7 /* SecondViewController.swift in Sources */,
				D2B8675B24987CB500801FA7 /* ViewController.swift in Sources */,
				D2758B32249CA70A00DACD08 /* RGB.swift in Sources */,
				D2758B30249CA4CE00DACD08 /* UserDefault.swift in Sources */,
				D2B8675724987CB500801FA7 /* AppDelegate.swift in Sources */,
				D2B867732498D3E400801FA7 /* ThirdViewController.swift in Sources */,
				D2758B2A249AFE3E00DACD08 /* Fifth2ViewController.swift in Sources */,
				D270B274249CB9C10014D064 /* RGBViewController.swift in Sources */,
				D2B8675924987CB500801FA7 /* SceneDelegate.swift in Sources */,
				D2758B26249A004800DACD08 /* FordViewController.swift in Sources */,
				D2B867712498C97300801FA7 /* SetButton.swift in Sources */,
				D2B8676D24987D5D00801FA7 /* Protocol.swift in Sources */,
			);
			runOnlyForDeploymentPostprocessing = 0;
		};
/* End PBXSourcesBuildPhase section */

/* Begin PBXVariantGroup section */
		D2B8675C24987CB500801FA7 /* Main.storyboard */ = {
			isa = PBXVariantGroup;
			children = (
				D2B8675D24987CB500801FA7 /* Base */,
			);
			name = Main.storyboard;
			sourceTree = "<group>";
		};
		D2B8676124987CBA00801FA7 /* LaunchScreen.storyboard */ = {
			isa = PBXVariantGroup;
			children = (
				D2B8676224987CBA00801FA7 /* Base */,
			);
			name = LaunchScreen.storyboard;
			sourceTree = "<group>";
		};
/* End PBXVariantGroup section */

/* Begin XCBuildConfiguration section */
		D2B8676524987CBA00801FA7 /* Debug */ = {
			isa = XCBuildConfiguration;
			buildSettings = {
				ALWAYS_SEARCH_USER_PATHS = NO;
				CLANG_ANALYZER_NONNULL = YES;
				CLANG_ANALYZER_NUMBER_OBJECT_CONVERSION = YES_AGGRESSIVE;
				CLANG_CXX_LANGUAGE_STANDARD = "gnu++14";
				CLANG_CXX_LIBRARY = "libc++";
				CLANG_ENABLE_MODULES = YES;
				CLANG_ENABLE_OBJC_ARC = YES;
				CLANG_ENABLE_OBJC_WEAK = YES;
				CLANG_WARN_BLOCK_CAPTURE_AUTORELEASING = YES;
				CLANG_WARN_BOOL_CONVERSION = YES;
				CLANG_WARN_COMMA = YES;
				CLANG_WARN_CONSTANT_CONVERSION = YES;
				CLANG_WARN_DEPRECATED_OBJC_IMPLEMENTATIONS = YES;
				CLANG_WARN_DIRECT_OBJC_ISA_USAGE = YES_ERROR;
				CLANG_WARN_DOCUMENTATION_COMMENTS = YES;
				CLANG_WARN_EMPTY_BODY = YES;
				CLANG_WARN_ENUM_CONVERSION = YES;
				CLANG_WARN_INFINITE_RECURSION = YES;
				CLANG_WARN_INT_CONVERSION = YES;
				CLANG_WARN_NON_LITERAL_NULL_CONVERSION = YES;
				CLANG_WARN_OBJC_IMPLICIT_RETAIN_SELF = YES;
				CLANG_WARN_OBJC_LITERAL_CONVERSION = YES;
				CLANG_WARN_OBJC_ROOT_CLASS = YES_ERROR;
				CLANG_WARN_RANGE_LOOP_ANALYSIS = YES;
				CLANG_WARN_STRICT_PROTOTYPES = YES;
				CLANG_WARN_SUSPICIOUS_MOVE = YES;
				CLANG_WARN_UNGUARDED_AVAILABILITY = YES_AGGRESSIVE;
				CLANG_WARN_UNREACHABLE_CODE = YES;
				CLANG_WARN__DUPLICATE_METHOD_MATCH = YES;
				COPY_PHASE_STRIP = NO;
				DEBUG_INFORMATION_FORMAT = dwarf;
				ENABLE_STRICT_OBJC_MSGSEND = YES;
				ENABLE_TESTABILITY = YES;
				GCC_C_LANGUAGE_STANDARD = gnu11;
				GCC_DYNAMIC_NO_PIC = NO;
				GCC_NO_COMMON_BLOCKS = YES;
				GCC_OPTIMIZATION_LEVEL = 0;
				GCC_PREPROCESSOR_DEFINITIONS = (
					"DEBUG=1",
					"$(inherited)",
				);
				GCC_WARN_64_TO_32_BIT_CONVERSION = YES;
				GCC_WARN_ABOUT_RETURN_TYPE = YES_ERROR;
				GCC_WARN_UNDECLARED_SELECTOR = YES;
				GCC_WARN_UNINITIALIZED_AUTOS = YES_AGGRESSIVE;
				GCC_WARN_UNUSED_FUNCTION = YES;
				GCC_WARN_UNUSED_VARIABLE = YES;
				IPHONEOS_DEPLOYMENT_TARGET = 13.5;
				MTL_ENABLE_DEBUG_INFO = INCLUDE_SOURCE;
				MTL_FAST_MATH = YES;
				ONLY_ACTIVE_ARCH = YES;
				SDKROOT = iphoneos;
				SWIFT_ACTIVE_COMPILATION_CONDITIONS = DEBUG;
				SWIFT_OPTIMIZATION_LEVEL = "-Onone";
			};
			name = Debug;
		};
		D2B8676624987CBA00801FA7 /* Release */ = {
			isa = XCBuildConfiguration;
			buildSettings = {
				ALWAYS_SEARCH_USER_PATHS = NO;
				CLANG_ANALYZER_NONNULL = YES;
				CLANG_ANALYZER_NUMBER_OBJECT_CONVERSION = YES_AGGRESSIVE;
				CLANG_CXX_LANGUAGE_STANDARD = "gnu++14";
				CLANG_CXX_LIBRARY = "libc++";
				CLANG_ENABLE_MODULES = YES;
				CLANG_ENABLE_OBJC_ARC = YES;
				CLANG_ENABLE_OBJC_WEAK = YES;
				CLANG_WARN_BLOCK_CAPTURE_AUTORELEASING = YES;
				CLANG_WARN_BOOL_CONVERSION = YES;
				CLANG_WARN_COMMA = YES;
				CLANG_WARN_CONSTANT_CONVERSION = YES;
				CLANG_WARN_DEPRECATED_OBJC_IMPLEMENTATIONS = YES;
				CLANG_WARN_DIRECT_OBJC_ISA_USAGE = YES_ERROR;
				CLANG_WARN_DOCUMENTATION_COMMENTS = YES;
				CLANG_WARN_EMPTY_BODY = YES;
				CLANG_WARN_ENUM_CONVERSION = YES;
				CLANG_WARN_INFINITE_RECURSION = YES;
				CLANG_WARN_INT_CONVERSION = YES;
				CLANG_WARN_NON_LITERAL_NULL_CONVERSION = YES;
				CLANG_WARN_OBJC_IMPLICIT_RETAIN_SELF = YES;
				CLANG_WARN_OBJC_LITERAL_CONVERSION = YES;
				CLANG_WARN_OBJC_ROOT_CLASS = YES_ERROR;
				CLANG_WARN_RANGE_LOOP_ANALYSIS = YES;
				CLANG_WARN_STRICT_PROTOTYPES = YES;
				CLANG_WARN_SUSPICIOUS_MOVE = YES;
				CLANG_WARN_UNGUARDED_AVAILABILITY = YES_AGGRESSIVE;
				CLANG_WARN_UNREACHABLE_CODE = YES;
				CLANG_WARN__DUPLICATE_METHOD_MATCH = YES;
				COPY_PHASE_STRIP = NO;
				DEBUG_INFORMATION_FORMAT = "dwarf-with-dsym";
				ENABLE_NS_ASSERTIONS = NO;
				ENABLE_STRICT_OBJC_MSGSEND = YES;
				GCC_C_LANGUAGE_STANDARD = gnu11;
				GCC_NO_COMMON_BLOCKS = YES;
				GCC_WARN_64_TO_32_BIT_CONVERSION = YES;
				GCC_WARN_ABOUT_RETURN_TYPE = YES_ERROR;
				GCC_WARN_UNDECLARED_SELECTOR = YES;
				GCC_WARN_UNINITIALIZED_AUTOS = YES_AGGRESSIVE;
				GCC_WARN_UNUSED_FUNCTION = YES;
				GCC_WARN_UNUSED_VARIABLE = YES;
				IPHONEOS_DEPLOYMENT_TARGET = 13.5;
				MTL_ENABLE_DEBUG_INFO = NO;
				MTL_FAST_MATH = YES;
				SDKROOT = iphoneos;
				SWIFT_COMPILATION_MODE = wholemodule;
				SWIFT_OPTIMIZATION_LEVEL = "-O";
				VALIDATE_PRODUCT = YES;
			};
			name = Release;
		};
		D2B8676824987CBA00801FA7 /* Debug */ = {
			isa = XCBuildConfiguration;
			buildSettings = {
				ASSETCATALOG_COMPILER_APPICON_NAME = AppIcon;
				CODE_SIGN_STYLE = Automatic;
				DEVELOPMENT_TEAM = VH4XC348YR;
				INFOPLIST_FILE = changeView/Info.plist;
				LD_RUNPATH_SEARCH_PATHS = (
					"$(inherited)",
					"@executable_path/Frameworks",
				);
				PRODUCT_BUNDLE_IDENTIFIER = try.changeView;
				PRODUCT_NAME = "$(TARGET_NAME)";
				SWIFT_OBJC_BRIDGING_HEADER = changeView/BridgeHeader.h;
				SWIFT_VERSION = 5.0;
				TARGETED_DEVICE_FAMILY = "1,2";
			};
			name = Debug;
		};
		D2B8676924987CBA00801FA7 /* Release */ = {
			isa = XCBuildConfiguration;
			buildSettings = {
				ASSETCATALOG_COMPILER_APPICON_NAME = AppIcon;
				CODE_SIGN_STYLE = Automatic;
				DEVELOPMENT_TEAM = VH4XC348YR;
				INFOPLIST_FILE = changeView/Info.plist;
				LD_RUNPATH_SEARCH_PATHS = (
					"$(inherited)",
					"@executable_path/Frameworks",
				);
				PRODUCT_BUNDLE_IDENTIFIER = try.changeView;
				PRODUCT_NAME = "$(TARGET_NAME)";
				SWIFT_OBJC_BRIDGING_HEADER = changeView/BridgeHeader.h;
				SWIFT_VERSION = 5.0;
				TARGETED_DEVICE_FAMILY = "1,2";
			};
			name = Release;
		};
/* End XCBuildConfiguration section */

/* Begin XCConfigurationList section */
		D2B8674E24987CB500801FA7 /* Build configuration list for PBXProject "changeView" */ = {
			isa = XCConfigurationList;
			buildConfigurations = (
				D2B8676524987CBA00801FA7 /* Debug */,
				D2B8676624987CBA00801FA7 /* Release */,
			);
			defaultConfigurationIsVisible = 0;
			defaultConfigurationName = Release;
		};
		D2B8676724987CBA00801FA7 /* Build configuration list for PBXNativeTarget "changeView" */ = {
			isa = XCConfigurationList;
			buildConfigurations = (
				D2B8676824987CBA00801FA7 /* Debug */,
				D2B8676924987CBA00801FA7 /* Release */,
			);
			defaultConfigurationIsVisible = 0;
			defaultConfigurationName = Release;
		};
/* End XCConfigurationList section */
	};
	rootObject = D2B8674B24987CB500801FA7 /* Project object */;
}
